{
  "name": "generate-dependencies-notice",
  "version": "1.0.0",
  "lockfileVersion": 3,
  "requires": true,
  "packages": {
    "": {
      "name": "generate-dependencies-notice",
      "version": "1.0.0",
      "license": "ISC",
      "dependencies": {
        "@actions/core": "^1.10.0",
        "csv": "^6.2.7"
      }
    },
    "node_modules/@actions/core": {
      "version": "1.10.0",
      "resolved": "https://registry.npmjs.org/@actions/core/-/core-1.10.0.tgz",
      "integrity": "sha512-2aZDDa3zrrZbP5ZYg159sNoLRb61nQ7awl5pSvIq5Qpj81vwDzdMRKzkWJGJuwVvWpvZKx7vspJALyvaaIQyug==",
      "dependencies": {
        "@actions/http-client": "^2.0.1",
        "uuid": "^8.3.2"
      }
    },
    "node_modules/@actions/http-client": {
      "version": "2.0.1",
      "resolved": "https://registry.npmjs.org/@actions/http-client/-/http-client-2.0.1.tgz",
      "integrity": "sha512-PIXiMVtz6VvyaRsGY268qvj57hXQEpsYogYOu2nrQhlf+XCGmZstmuZBbAybUl1nQGnvS1k1eEsQ69ZoD7xlSw==",
      "dependencies": {
        "tunnel": "^0.0.6"
      }
    },
    "node_modules/csv": {
      "version": "6.2.7",
      "resolved": "https://registry.npmjs.org/csv/-/csv-6.2.7.tgz",
      "integrity": "sha512-W9rB5/QWqXg2rQcAOT7lDHfxhDavg1BEmy+WaxKRYowzK9Dq+7WHIJo/8Xvry7rtaWQTMgl0wkS/cfd1k9cQUg==",
      "dependencies": {
        "csv-generate": "^4.2.2",
        "csv-parse": "^5.3.5",
        "csv-stringify": "^6.2.4",
        "stream-transform": "^3.2.2"
      },
      "engines": {
        "node": ">= 0.1.90"
      }
    },
    "node_modules/csv-generate": {
      "version": "4.2.2",
      "resolved": "https://registry.npmjs.org/csv-generate/-/csv-generate-4.2.2.tgz",
      "integrity": "sha512-Ah/NcMxHMqwQsuL173yp8EOzHrbLh8iyScqTy990b+TJZNjHhy7gs5FfSmyQ2arLC2QVrueO3DYJVQnibJB3WQ=="
    },
    "node_modules/csv-parse": {
      "version": "5.3.5",
      "resolved": "https://registry.npmjs.org/csv-parse/-/csv-parse-5.3.5.tgz",
      "integrity": "sha512-8O5KTIRtwmtD3+EVfW6BCgbwZqJbhTYsQZry12F1TP5RUp0sD9tp1UnCWic3n0mLOhzeocYaCZNYxOGSg3dmmQ=="
    },
    "node_modules/csv-stringify": {
      "version": "6.2.4",
      "resolved": "https://registry.npmjs.org/csv-stringify/-/csv-stringify-6.2.4.tgz",
      "integrity": "sha512-RVzGaBeHl0IspzOSiNr1e7XDM7ajuESlqetQbxH2pBPplIWycx0gAVclxNEa4lc91brK6LIE0PrdEoHtZYIHIQ=="
    },
    "node_modules/stream-transform": {
      "version": "3.2.2",
      "resolved": "https://registry.npmjs.org/stream-transform/-/stream-transform-3.2.2.tgz",
      "integrity": "sha512-DHZQPNxvjU2qdQlGcpitn8pkJHQVTqdshtgXaLz6Vc5VCAognbGuuwGS5ugeqGVnyw8j4h89QcV8cwm0D1+V0A=="
    },
    "node_modules/tunnel": {
      "version": "0.0.6",
      "resolved": "https://registry.npmjs.org/tunnel/-/tunnel-0.0.6.tgz",
      "integrity": "sha512-1h/Lnq9yajKY2PEbBadPXj3VxsDDu844OnaAo52UVmIzIvwwtBPIuNvkjuzBlTWpfJyUbG3ez0KSBibQkj4ojg==",
      "engines": {
        "node": ">=0.6.11 <=0.7.0 || >=0.7.3"
      }
    },
    "node_modules/uuid": {
      "version": "8.3.2",
      "resolved": "https://registry.npmjs.org/uuid/-/uuid-8.3.2.tgz",
      "integrity": "sha512-+NYs2QeMWy+GWFOEm9xnn6HCDp0l7QBD7ml8zLUmJ+93Q5NF0NocErnwkTkXVFNiX3/fpC6afS8Dhb/gz7R7eg==",
      "bin": {
        "uuid": "dist/bin/uuid"
      }
    }
  }
}
